// !$*UTF8*$!
{
	archiveVersion = 1;
	classes = {
	};
	objectVersion = 55;
	objects = {

/* Begin PBXBuildFile section */
		135F308D29C0EB97008112E9 /* AppNavigation.swift in Sources */ = {isa = PBXBuildFile; fileRef = 135F308C29C0EB97008112E9 /* AppNavigation.swift */; };
		13776E5929FDB0C10033EF84 /* BasketModule.framework in Frameworks */ = {isa = PBXBuildFile; fileRef = 13776E5529FDB0C10033EF84 /* BasketModule.framework */; };
		13776E5A29FDB0C10033EF84 /* BasketModule.framework in Embed Frameworks */ = {isa = PBXBuildFile; fileRef = 13776E5529FDB0C10033EF84 /* BasketModule.framework */; settings = {ATTRIBUTES = (CodeSignOnCopy, RemoveHeadersOnCopy, ); }; };
		13776E5B29FDB0C10033EF84 /* CoreModule.framework in Frameworks */ = {isa = PBXBuildFile; fileRef = 13776E5629FDB0C10033EF84 /* CoreModule.framework */; };
		13776E5C29FDB0C10033EF84 /* CoreModule.framework in Embed Frameworks */ = {isa = PBXBuildFile; fileRef = 13776E5629FDB0C10033EF84 /* CoreModule.framework */; settings = {ATTRIBUTES = (CodeSignOnCopy, RemoveHeadersOnCopy, ); }; };
		13776E5D29FDB0C10033EF84 /* LoginModule.framework in Frameworks */ = {isa = PBXBuildFile; fileRef = 13776E5729FDB0C10033EF84 /* LoginModule.framework */; };
		13776E5E29FDB0C10033EF84 /* LoginModule.framework in Embed Frameworks */ = {isa = PBXBuildFile; fileRef = 13776E5729FDB0C10033EF84 /* LoginModule.framework */; settings = {ATTRIBUTES = (CodeSignOnCopy, RemoveHeadersOnCopy, ); }; };
		13776E5F29FDB0C10033EF84 /* PaymentModule.framework in Frameworks */ = {isa = PBXBuildFile; fileRef = 13776E5829FDB0C10033EF84 /* PaymentModule.framework */; };
		13776E6029FDB0C10033EF84 /* PaymentModule.framework in Embed Frameworks */ = {isa = PBXBuildFile; fileRef = 13776E5829FDB0C10033EF84 /* PaymentModule.framework */; settings = {ATTRIBUTES = (CodeSignOnCopy, RemoveHeadersOnCopy, ); }; };
		139108F029B7CEA700F2E067 /* AppDelegate.swift in Sources */ = {isa = PBXBuildFile; fileRef = 139108EF29B7CEA700F2E067 /* AppDelegate.swift */; };
		139108F229B7CEA700F2E067 /* SceneDelegate.swift in Sources */ = {isa = PBXBuildFile; fileRef = 139108F129B7CEA700F2E067 /* SceneDelegate.swift */; };
		139108F429B7CEA700F2E067 /* ViewController.swift in Sources */ = {isa = PBXBuildFile; fileRef = 139108F329B7CEA700F2E067 /* ViewController.swift */; };
		139108F729B7CEA700F2E067 /* Main.storyboard in Resources */ = {isa = PBXBuildFile; fileRef = 139108F529B7CEA700F2E067 /* Main.storyboard */; };
		139108F929B7CEA900F2E067 /* Assets.xcassets in Resources */ = {isa = PBXBuildFile; fileRef = 139108F829B7CEA900F2E067 /* Assets.xcassets */; };
		139108FC29B7CEA900F2E067 /* LaunchScreen.storyboard in Resources */ = {isa = PBXBuildFile; fileRef = 139108FA29B7CEA900F2E067 /* LaunchScreen.storyboard */; };
/* End PBXBuildFile section */

/* Begin PBXCopyFilesBuildPhase section */
		13776E6129FDB0C20033EF84 /* Embed Frameworks */ = {
			isa = PBXCopyFilesBuildPhase;
			buildActionMask = 2147483647;
			dstPath = "";
			dstSubfolderSpec = 10;
			files = (
				13776E5A29FDB0C10033EF84 /* BasketModule.framework in Embed Frameworks */,
				13776E5C29FDB0C10033EF84 /* CoreModule.framework in Embed Frameworks */,
				13776E5E29FDB0C10033EF84 /* LoginModule.framework in Embed Frameworks */,
				13776E6029FDB0C10033EF84 /* PaymentModule.framework in Embed Frameworks */,
			);
			name = "Embed Frameworks";
			runOnlyForDeploymentPostprocessing = 0;
		};
/* End PBXCopyFilesBuildPhase section */

/* Begin PBXFileReference section */
		135F308C29C0EB97008112E9 /* AppNavigation.swift */ = {isa = PBXFileReference; fileEncoding = 4; lastKnownFileType = sourcecode.swift; path = AppNavigation.swift; sourceTree = "<group>"; };
		13776E5529FDB0C10033EF84 /* BasketModule.framework */ = {isa = PBXFileReference; explicitFileType = wrapper.framework; path = BasketModule.framework; sourceTree = BUILT_PRODUCTS_DIR; };
		13776E5629FDB0C10033EF84 /* CoreModule.framework */ = {isa = PBXFileReference; explicitFileType = wrapper.framework; path = CoreModule.framework; sourceTree = BUILT_PRODUCTS_DIR; };
		13776E5729FDB0C10033EF84 /* LoginModule.framework */ = {isa = PBXFileReference; explicitFileType = wrapper.framework; path = LoginModule.framework; sourceTree = BUILT_PRODUCTS_DIR; };
		13776E5829FDB0C10033EF84 /* PaymentModule.framework */ = {isa = PBXFileReference; explicitFileType = wrapper.framework; path = PaymentModule.framework; sourceTree = BUILT_PRODUCTS_DIR; };
		139108EC29B7CEA700F2E067 /* MainApp.app */ = {isa = PBXFileReference; explicitFileType = wrapper.application; includeInIndex = 0; path = MainApp.app; sourceTree = BUILT_PRODUCTS_DIR; };
		139108EF29B7CEA700F2E067 /* AppDelegate.swift */ = {isa = PBXFileReference; lastKnownFileType = sourcecode.swift; path = AppDelegate.swift; sourceTree = "<group>"; };
		139108F129B7CEA700F2E067 /* SceneDelegate.swift */ = {isa = PBXFileReference; lastKnownFileType = sourcecode.swift; path = SceneDelegate.swift; sourceTree = "<group>"; };
		139108F329B7CEA700F2E067 /* ViewController.swift */ = {isa = PBXFileReference; lastKnownFileType = sourcecode.swift; path = ViewController.swift; sourceTree = "<group>"; };
		139108F629B7CEA700F2E067 /* Base */ = {isa = PBXFileReference; lastKnownFileType = file.storyboard; name = Base; path = Base.lproj/Main.storyboard; sourceTree = "<group>"; };
		139108F829B7CEA900F2E067 /* Assets.xcassets */ = {isa = PBXFileReference; lastKnownFileType = folder.assetcatalog; path = Assets.xcassets; sourceTree = "<group>"; };
		139108FB29B7CEA900F2E067 /* Base */ = {isa = PBXFileReference; lastKnownFileType = file.storyboard; name = Base; path = Base.lproj/LaunchScreen.storyboard; sourceTree = "<group>"; };
		139108FD29B7CEA900F2E067 /* Info.plist */ = {isa = PBXFileReference; lastKnownFileType = text.plist.xml; path = Info.plist; sourceTree = "<group>"; };
/* End PBXFileReference section */

/* Begin PBXFrameworksBuildPhase section */
		139108E929B7CEA700F2E067 /* Frameworks */ = {
			isa = PBXFrameworksBuildPhase;
			buildActionMask = 2147483647;
			files = (
				13776E5929FDB0C10033EF84 /* BasketModule.framework in Frameworks */,
				13776E5B29FDB0C10033EF84 /* CoreModule.framework in Frameworks */,
				13776E5D29FDB0C10033EF84 /* LoginModule.framework in Frameworks */,
				13776E5F29FDB0C10033EF84 /* PaymentModule.framework in Frameworks */,
			);
			runOnlyForDeploymentPostprocessing = 0;
		};
/* End PBXFrameworksBuildPhase section */

/* Begin PBXGroup section */
		09E9D43D366052DF0540D8D1 /* Frameworks */ = {
			isa = PBXGroup;
			children = (
				13776E5529FDB0C10033EF84 /* BasketModule.framework */,
				13776E5629FDB0C10033EF84 /* CoreModule.framework */,
				13776E5729FDB0C10033EF84 /* LoginModule.framework */,
				13776E5829FDB0C10033EF84 /* PaymentModule.framework */,
			);
			name = Frameworks;
			sourceTree = "<group>";
		};
		139108E329B7CEA700F2E067 = {
			isa = PBXGroup;
			children = (
				139108EE29B7CEA700F2E067 /* MainApp */,
				139108ED29B7CEA700F2E067 /* Products */,
				09E9D43D366052DF0540D8D1 /* Frameworks */,
			);
			sourceTree = "<group>";
		};
		139108ED29B7CEA700F2E067 /* Products */ = {
			isa = PBXGroup;
			children = (
				139108EC29B7CEA700F2E067 /* MainApp.app */,
			);
			name = Products;
			sourceTree = "<group>";
		};
		139108EE29B7CEA700F2E067 /* MainApp */ = {
			isa = PBXGroup;
			children = (
				139108EF29B7CEA700F2E067 /* AppDelegate.swift */,
				139108F129B7CEA700F2E067 /* SceneDelegate.swift */,
				139108F329B7CEA700F2E067 /* ViewController.swift */,
				135F308C29C0EB97008112E9 /* AppNavigation.swift */,
				139108F529B7CEA700F2E067 /* Main.storyboard */,
				139108F829B7CEA900F2E067 /* Assets.xcassets */,
				139108FA29B7CEA900F2E067 /* LaunchScreen.storyboard */,
				139108FD29B7CEA900F2E067 /* Info.plist */,
			);
			path = MainApp;
			sourceTree = "<group>";
		};
/* End PBXGroup section */

/* Begin PBXNativeTarget section */
		139108EB29B7CEA700F2E067 /* MainApp */ = {
			isa = PBXNativeTarget;
			buildConfigurationList = 1391090029B7CEA900F2E067 /* Build configuration list for PBXNativeTarget "MainApp" */;
			buildPhases = (
				139108E829B7CEA700F2E067 /* Sources */,
				139108E929B7CEA700F2E067 /* Frameworks */,
				139108EA29B7CEA700F2E067 /* Resources */,
				13776E6129FDB0C20033EF84 /* Embed Frameworks */,
			);
			buildRules = (
			);
			dependencies = (
			);
			name = MainApp;
			productName = MainApp;
			productReference = 139108EC29B7CEA700F2E067 /* MainApp.app */;
			productType = "com.apple.product-type.application";
		};
/* End PBXNativeTarget section */

/* Begin PBXProject section */
		139108E429B7CEA700F2E067 /* Project object */ = {
			isa = PBXProject;
			attributes = {
				BuildIndependentTargetsInParallel = 1;
				LastSwiftUpdateCheck = 1420;
				LastUpgradeCheck = 1420;
				TargetAttributes = {
					139108EB29B7CEA700F2E067 = {
						CreatedOnToolsVersion = 14.2;
					};
				};
			};
			buildConfigurationList = 139108E729B7CEA700F2E067 /* Build configuration list for PBXProject "MainApp" */;
			compatibilityVersion = "Xcode 13.0";
			developmentRegion = en;
			hasScannedForEncodings = 0;
			knownRegions = (
				en,
				Base,
			);
			mainGroup = 139108E329B7CEA700F2E067;
			productRefGroup = 139108ED29B7CEA700F2E067 /* Products */;
			projectDirPath = "";
			projectRoot = "";
			targets = (
				139108EB29B7CEA700F2E067 /* MainApp */,
			);
		};
/* End PBXProject section */

/* Begin PBXResourcesBuildPhase section */
		139108EA29B7CEA700F2E067 /* Resources */ = {
			isa = PBXResourcesBuildPhase;
			buildActionMask = 2147483647;
			files = (
				139108FC29B7CEA900F2E067 /* LaunchScreen.storyboard in Resources */,
				139108F929B7CEA900F2E067 /* Assets.xcassets in Resources */,
				139108F729B7CEA700F2E067 /* Main.storyboard in Resources */,
			);
			runOnlyForDeploymentPostprocessing = 0;
		};
/* End PBXResourcesBuildPhase section */

/* Begin PBXSourcesBuildPhase section */
		139108E829B7CEA700F2E067 /* Sources */ = {
			isa = PBXSourcesBuildPhase;
			buildActionMask = 2147483647;
			files = (
				135F308D29C0EB97008112E9 /* AppNavigation.swift in Sources */,
				139108F429B7CEA700F2E067 /* ViewController.swift in Sources */,
				139108F029B7CEA700F2E067 /* AppDelegate.swift in Sources */,
				139108F229B7CEA700F2E067 /* SceneDelegate.swift in Sources */,
			);
			runOnlyForDeploymentPostprocessing = 0;
		};
/* End PBXSourcesBuildPhase section */

/* Begin PBXVariantGroup section */
		139108F529B7CEA700F2E067 /* Main.storyboard */ = {
			isa = PBXVariantGroup;
			children = (
				139108F629B7CEA700F2E067 /* Base */,
			);
			name = Main.storyboard;
			sourceTree = "<group>";
		};
		139108FA29B7CEA900F2E067 /* LaunchScreen.storyboard */ = {
			isa = PBXVariantGroup;
			children = (
				139108FB29B7CEA900F2E067 /* Base */,
			);
			name = LaunchScreen.storyboard;
			sourceTree = "<group>";
		};
/* End PBXVariantGroup section */

/* Begin XCBuildConfiguration section */
		139108FE29B7CEA900F2E067 /* Debug */ = {
			isa = XCBuildConfiguration;
			buildSettings = {
				ALWAYS_SEARCH_USER_PATHS = NO;
				CLANG_ANALYZER_NONNULL = YES;
				CLANG_ANALYZER_NUMBER_OBJECT_CONVERSION = YES_AGGRESSIVE;
				CLANG_CXX_LANGUAGE_STANDARD = "gnu++20";
				CLANG_ENABLE_MODULES = YES;
				CLANG_ENABLE_OBJC_ARC = YES;
				CLANG_ENABLE_OBJC_WEAK = YES;
				CLANG_WARN_BLOCK_CAPTURE_AUTORELEASING = YES;
				CLANG_WARN_BOOL_CONVERSION = YES;
				CLANG_WARN_COMMA = YES;
				CLANG_WARN_CONSTANT_CONVERSION = YES;
				CLANG_WARN_DEPRECATED_OBJC_IMPLEMENTATIONS = YES;
				CLANG_WARN_DIRECT_OBJC_ISA_USAGE = YES_ERROR;
				CLANG_WARN_DOCUMENTATION_COMMENTS = YES;
				CLANG_WARN_EMPTY_BODY = YES;
				CLANG_WARN_ENUM_CONVERSION = YES;
				CLANG_WARN_INFINITE_RECURSION = YES;
				CLANG_WARN_INT_CONVERSION = YES;
				CLANG_WARN_NON_LITERAL_NULL_CONVERSION = YES;
				CLANG_WARN_OBJC_IMPLICIT_RETAIN_SELF = YES;
				CLANG_WARN_OBJC_LITERAL_CONVERSION = YES;
				CLANG_WARN_OBJC_ROOT_CLASS = YES_ERROR;
				CLANG_WARN_QUOTED_INCLUDE_IN_FRAMEWORK_HEADER = YES;
				CLANG_WARN_RANGE_LOOP_ANALYSIS = YES;
				CLANG_WARN_STRICT_PROTOTYPES = YES;
				CLANG_WARN_SUSPICIOUS_MOVE = YES;
				CLANG_WARN_UNGUARDED_AVAILABILITY = YES_AGGRESSIVE;
				CLANG_WARN_UNREACHABLE_CODE = YES;
				CLANG_WARN__DUPLICATE_METHOD_MATCH = YES;
				COPY_PHASE_STRIP = NO;
				DEBUG_INFORMATION_FORMAT = dwarf;
				ENABLE_STRICT_OBJC_MSGSEND = YES;
				ENABLE_TESTABILITY = YES;
				GCC_C_LANGUAGE_STANDARD = gnu11;
				GCC_DYNAMIC_NO_PIC = NO;
				GCC_NO_COMMON_BLOCKS = YES;
				GCC_OPTIMIZATION_LEVEL = 0;
				GCC_PREPROCESSOR_DEFINITIONS = (
					"DEBUG=1",
					"$(inherited)",
				);
				GCC_WARN_64_TO_32_BIT_CONVERSION = YES;
				GCC_WARN_ABOUT_RETURN_TYPE = YES_ERROR;
				GCC_WARN_UNDECLARED_SELECTOR = YES;
				GCC_WARN_UNINITIALIZED_AUTOS = YES_AGGRESSIVE;
				GCC_WARN_UNUSED_FUNCTION = YES;
				GCC_WARN_UNUSED_VARIABLE = YES;
				IPHONEOS_DEPLOYMENT_TARGET = 16.2;
				MTL_ENABLE_DEBUG_INFO = INCLUDE_SOURCE;
				MTL_FAST_MATH = YES;
				ONLY_ACTIVE_ARCH = YES;
				SDKROOT = iphoneos;
				SWIFT_ACTIVE_COMPILATION_CONDITIONS = DEBUG;
				SWIFT_OPTIMIZATION_LEVEL = "-Onone";
			};
			name = Debug;
		};
		139108FF29B7CEA900F2E067 /* Release */ = {
			isa = XCBuildConfiguration;
			buildSettings = {
				ALWAYS_SEARCH_USER_PATHS = NO;
				CLANG_ANALYZER_NONNULL = YES;
				CLANG_ANALYZER_NUMBER_OBJECT_CONVERSION = YES_AGGRESSIVE;
				CLANG_CXX_LANGUAGE_STANDARD = "gnu++20";
				CLANG_ENABLE_MODULES = YES;
				CLANG_ENABLE_OBJC_ARC = YES;
				CLANG_ENABLE_OBJC_WEAK = YES;
				CLANG_WARN_BLOCK_CAPTURE_AUTORELEASING = YES;
				CLANG_WARN_BOOL_CONVERSION = YES;
				CLANG_WARN_COMMA = YES;
				CLANG_WARN_CONSTANT_CONVERSION = YES;
				CLANG_WARN_DEPRECATED_OBJC_IMPLEMENTATIONS = YES;
				CLANG_WARN_DIRECT_OBJC_ISA_USAGE = YES_ERROR;
				CLANG_WARN_DOCUMENTATION_COMMENTS = YES;
				CLANG_WARN_EMPTY_BODY = YES;
				CLANG_WARN_ENUM_CONVERSION = YES;
				CLANG_WARN_INFINITE_RECURSION = YES;
				CLANG_WARN_INT_CONVERSION = YES;
				CLANG_WARN_NON_LITERAL_NULL_CONVERSION = YES;
				CLANG_WARN_OBJC_IMPLICIT_RETAIN_SELF = YES;
				CLANG_WARN_OBJC_LITERAL_CONVERSION = YES;
				CLANG_WARN_OBJC_ROOT_CLASS = YES_ERROR;
				CLANG_WARN_QUOTED_INCLUDE_IN_FRAMEWORK_HEADER = YES;
				CLANG_WARN_RANGE_LOOP_ANALYSIS = YES;
				CLANG_WARN_STRICT_PROTOTYPES = YES;
				CLANG_WARN_SUSPICIOUS_MOVE = YES;
				CLANG_WARN_UNGUARDED_AVAILABILITY = YES_AGGRESSIVE;
				CLANG_WARN_UNREACHABLE_CODE = YES;
				CLANG_WARN__DUPLICATE_METHOD_MATCH = YES;
				COPY_PHASE_STRIP = NO;
				DEBUG_INFORMATION_FORMAT = "dwarf-with-dsym";
				ENABLE_NS_ASSERTIONS = NO;
				ENABLE_STRICT_OBJC_MSGSEND = YES;
				GCC_C_LANGUAGE_STANDARD = gnu11;
				GCC_NO_COMMON_BLOCKS = YES;
				GCC_WARN_64_TO_32_BIT_CONVERSION = YES;
				GCC_WARN_ABOUT_RETURN_TYPE = YES_ERROR;
				GCC_WARN_UNDECLARED_SELECTOR = YES;
				GCC_WARN_UNINITIALIZED_AUTOS = YES_AGGRESSIVE;
				GCC_WARN_UNUSED_FUNCTION = YES;
				GCC_WARN_UNUSED_VARIABLE = YES;
				IPHONEOS_DEPLOYMENT_TARGET = 16.2;
				MTL_ENABLE_DEBUG_INFO = NO;
				MTL_FAST_MATH = YES;
				SDKROOT = iphoneos;
				SWIFT_COMPILATION_MODE = wholemodule;
				SWIFT_OPTIMIZATION_LEVEL = "-O";
				VALIDATE_PRODUCT = YES;
			};
			name = Release;
		};
		1391090129B7CEA900F2E067 /* Debug */ = {
			isa = XCBuildConfiguration;
			buildSettings = {
				ASSETCATALOG_COMPILER_APPICON_NAME = AppIcon;
				ASSETCATALOG_COMPILER_GLOBAL_ACCENT_COLOR_NAME = AccentColor;
				CODE_SIGN_STYLE = Manual;
				CURRENT_PROJECT_VERSION = 1;
				DEVELOPMENT_TEAM = "";
				GENERATE_INFOPLIST_FILE = YES;
				INFOPLIST_FILE = MainApp/Info.plist;
				INFOPLIST_KEY_UIApplicationSupportsIndirectInputEvents = YES;
				INFOPLIST_KEY_UILaunchStoryboardName = LaunchScreen;
				INFOPLIST_KEY_UIMainStoryboardFile = Main;
				INFOPLIST_KEY_UISupportedInterfaceOrientations_iPad = "UIInterfaceOrientationPortrait UIInterfaceOrientationPortraitUpsideDown UIInterfaceOrientationLandscapeLeft UIInterfaceOrientationLandscapeRight";
				INFOPLIST_KEY_UISupportedInterfaceOrientations_iPhone = "UIInterfaceOrientationPortrait UIInterfaceOrientationLandscapeLeft UIInterfaceOrientationLandscapeRight";
				LD_RUNPATH_SEARCH_PATHS = (
					"$(inherited)",
					"@executable_path/Frameworks",
				);
				MARKETING_VERSION = 1.0;
				PRODUCT_BUNDLE_IDENTIFIER = com.batikan.MainApp;
				PRODUCT_NAME = "$(TARGET_NAME)";
				PROVISIONING_PROFILE_SPECIFIER = "";
				SWIFT_EMIT_LOC_STRINGS = YES;
				SWIFT_VERSION = 5.0;
				TARGETED_DEVICE_FAMILY = "1,2";
			};
			name = Debug;
		};
		1391090229B7CEA900F2E067 /* Release */ = {
			isa = XCBuildConfiguration;
			buildSettings = {
				ASSETCATALOG_COMPILER_APPICON_NAME = AppIcon;
				ASSETCATALOG_COMPILER_GLOBAL_ACCENT_COLOR_NAME = AccentColor;
				CODE_SIGN_STYLE = Manual;
				CURRENT_PROJECT_VERSION = 1;
				DEVELOPMENT_TEAM = "";
				GENERATE_INFOPLIST_FILE = YES;
				INFOPLIST_FILE = MainApp/Info.plist;
				INFOPLIST_KEY_UIApplicationSupportsIndirectInputEvents = YES;
				INFOPLIST_KEY_UILaunchStoryboardName = LaunchScreen;
				INFOPLIST_KEY_UIMainStoryboardFile = Main;
				INFOPLIST_KEY_UISupportedInterfaceOrientations_iPad = "UIInterfaceOrientationPortrait UIInterfaceOrientationPortraitUpsideDown UIInterfaceOrientationLandscapeLeft UIInterfaceOrientationLandscapeRight";
				INFOPLIST_KEY_UISupportedInterfaceOrientations_iPhone = "UIInterfaceOrientationPortrait UIInterfaceOrientationLandscapeLeft UIInterfaceOrientationLandscapeRight";
				LD_RUNPATH_SEARCH_PATHS = (
					"$(inherited)",
					"@executable_path/Frameworks",
				);
				MARKETING_VERSION = 1.0;
				PRODUCT_BUNDLE_IDENTIFIER = com.batikan.MainApp;
				PRODUCT_NAME = "$(TARGET_NAME)";
				PROVISIONING_PROFILE_SPECIFIER = "";
				SWIFT_EMIT_LOC_STRINGS = YES;
				SWIFT_VERSION = 5.0;
				TARGETED_DEVICE_FAMILY = "1,2";
			};
			name = Release;
		};
/* End XCBuildConfiguration section */

/* Begin XCConfigurationList section */
		139108E729B7CEA700F2E067 /* Build configuration list for PBXProject "MainApp" */ = {
			isa = XCConfigurationList;
			buildConfigurations = (
				139108FE29B7CEA900F2E067 /* Debug */,
				139108FF29B7CEA900F2E067 /* Release */,
			);
			defaultConfigurationIsVisible = 0;
			defaultConfigurationName = Release;
		};
		1391090029B7CEA900F2E067 /* Build configuration list for PBXNativeTarget "MainApp" */ = {
			isa = XCConfigurationList;
			buildConfigurations = (
				1391090129B7CEA900F2E067 /* Debug */,
				1391090229B7CEA900F2E067 /* Release */,
			);
			defaultConfigurationIsVisible = 0;
			defaultConfigurationName = Release;
		};
/* End XCConfigurationList section */
	};
	rootObject = 139108E429B7CEA700F2E067 /* Project object */;
}
